
Microsoft Visual Studio Solution File, Format Version 12.00
# Visual Studio Version 17
VisualStudioVersion = 17.3.32804.467
MinimumVisualStudioVersion = 10.0.40219.1
Project("{FAE04EC0-301F-11D3-BF4B-00C04F79EFBC}") = "TowerOfHanoi", "TowerOfHanoi\TowerOfHanoi.csproj", "{13DDF0D5-D6AC-4D8D-A453-6D1D05BB0FCC}"
EndProject
Global
	GlobalSection(SolutionConfigurationPlatforms) = preSolution
		Debug|Any CPU = Debug|Any CPU
		Release|Any CPU = Release|Any CPU
	EndGlobalSection
	GlobalSection(ProjectConfigurationPlatforms) = postSolution
		{13DDF0D5-D6AC-4D8D-A453-6D1D05BB0FCC}.Debug|Any CPU.ActiveCfg = Debug|Any CPU
		{13DDF0D5-D6AC-4D8D-A453-6D1D05BB0FCC}.Debug|Any CPU.Build.0 = Debug|Any CPU
		{13DDF0D5-D6AC-4D8D-A453-6D1D05BB0FCC}.Release|Any CPU.ActiveCfg = Release|Any CPU
		{13DDF0D5-D6AC-4D8D-A453-6D1D05BB0FCC}.Release|Any CPU.Build.0 = Release|Any CPU
	EndGlobalSection
	GlobalSection(SolutionProperties) = preSolution
		HideSolutionNode = FALSE
	EndGlobalSection
	GlobalSection(ExtensibilityGlobals) = postSolution
		SolutionGuid = {8960C534-2295-496D-BA1A-6D9994C56C8D}
	EndGlobalSection
EndGlobal
